
Microsoft Visual Studio Solution File, Format Version 12.00
# Visual Studio 14
VisualStudioVersion = 14.0.25123.0
MinimumVisualStudioVersion = 10.0.40219.1
Project("{FAE04EC0-301F-11D3-BF4B-00C04F79EFBC}") = "DataAccessObjects", "DataAccessObjects\DataAccessObjects.csproj", "{DAAC95DB-F7F8-4CC7-B320-D797DEC4F789}"
EndProject
Project("{FAE04EC0-301F-11D3-BF4B-00C04F79EFBC}") = "BusinessObjects", "BusinessObjects\BusinessObjects.csproj", "{6037842F-2E15-4A76-BDD7-E4D6496853AB}"
EndProject
Project("{FAE04EC0-301F-11D3-BF4B-00C04F79EFBC}") = "Service", "ItemService\Service.csproj", "{A184F5FA-9911-40B6-B0EF-EF52779592CA}"
EndProject
Project("{FAE04EC0-301F-11D3-BF4B-00C04F79EFBC}") = "DataAccessor", "DataAccessor\DataAccessor.csproj", "{51EF4AFE-F263-4D75-904F-03505156FEF8}"
EndProject
Project("{FAE04EC0-301F-11D3-BF4B-00C04F79EFBC}") = "Common", "Common\Common.csproj", "{2EBEADDB-BC68-47DC-A4BC-9CA5084AA92A}"
EndProject
Project("{FAE04EC0-301F-11D3-BF4B-00C04F79EFBC}") = "ItemAPI", "ItemAPI\ItemAPI.csproj", "{679452E3-F6F6-44B6-A4B3-E6A92FA0EDA1}"
EndProject
Project("{FAE04EC0-301F-11D3-BF4B-00C04F79EFBC}") = "ItemGrid", "ItemGrid\ItemGrid.csproj", "{53B7D267-C2D5-42EB-B406-E3EE410AAC89}"
EndProject
Project("{FAE04EC0-301F-11D3-BF4B-00C04F79EFBC}") = "API", "API\API.csproj", "{6463B904-129A-4722-A6F3-609ACFB37ABA}"
EndProject
Global
	GlobalSection(SolutionConfigurationPlatforms) = preSolution
		Debug|Any CPU = Debug|Any CPU
		Release|Any CPU = Release|Any CPU
	EndGlobalSection
	GlobalSection(ProjectConfigurationPlatforms) = postSolution
		{DAAC95DB-F7F8-4CC7-B320-D797DEC4F789}.Debug|Any CPU.ActiveCfg = Debug|Any CPU
		{DAAC95DB-F7F8-4CC7-B320-D797DEC4F789}.Debug|Any CPU.Build.0 = Debug|Any CPU
		{DAAC95DB-F7F8-4CC7-B320-D797DEC4F789}.Release|Any CPU.ActiveCfg = Release|Any CPU
		{DAAC95DB-F7F8-4CC7-B320-D797DEC4F789}.Release|Any CPU.Build.0 = Release|Any CPU
		{6037842F-2E15-4A76-BDD7-E4D6496853AB}.Debug|Any CPU.ActiveCfg = Debug|Any CPU
		{6037842F-2E15-4A76-BDD7-E4D6496853AB}.Debug|Any CPU.Build.0 = Debug|Any CPU
		{6037842F-2E15-4A76-BDD7-E4D6496853AB}.Release|Any CPU.ActiveCfg = Release|Any CPU
		{6037842F-2E15-4A76-BDD7-E4D6496853AB}.Release|Any CPU.Build.0 = Release|Any CPU
		{A184F5FA-9911-40B6-B0EF-EF52779592CA}.Debug|Any CPU.ActiveCfg = Debug|Any CPU
		{A184F5FA-9911-40B6-B0EF-EF52779592CA}.Debug|Any CPU.Build.0 = Debug|Any CPU
		{A184F5FA-9911-40B6-B0EF-EF52779592CA}.Release|Any CPU.ActiveCfg = Release|Any CPU
		{A184F5FA-9911-40B6-B0EF-EF52779592CA}.Release|Any CPU.Build.0 = Release|Any CPU
		{51EF4AFE-F263-4D75-904F-03505156FEF8}.Debug|Any CPU.ActiveCfg = Debug|Any CPU
		{51EF4AFE-F263-4D75-904F-03505156FEF8}.Debug|Any CPU.Build.0 = Debug|Any CPU
		{51EF4AFE-F263-4D75-904F-03505156FEF8}.Release|Any CPU.ActiveCfg = Release|Any CPU
		{51EF4AFE-F263-4D75-904F-03505156FEF8}.Release|Any CPU.Build.0 = Release|Any CPU
		{2EBEADDB-BC68-47DC-A4BC-9CA5084AA92A}.Debug|Any CPU.ActiveCfg = Debug|Any CPU
		{2EBEADDB-BC68-47DC-A4BC-9CA5084AA92A}.Debug|Any CPU.Build.0 = Debug|Any CPU
		{2EBEADDB-BC68-47DC-A4BC-9CA5084AA92A}.Release|Any CPU.ActiveCfg = Release|Any CPU
		{2EBEADDB-BC68-47DC-A4BC-9CA5084AA92A}.Release|Any CPU.Build.0 = Release|Any CPU
		{679452E3-F6F6-44B6-A4B3-E6A92FA0EDA1}.Debug|Any CPU.ActiveCfg = Debug|Any CPU
		{679452E3-F6F6-44B6-A4B3-E6A92FA0EDA1}.Debug|Any CPU.Build.0 = Debug|Any CPU
		{679452E3-F6F6-44B6-A4B3-E6A92FA0EDA1}.Release|Any CPU.ActiveCfg = Release|Any CPU
		{679452E3-F6F6-44B6-A4B3-E6A92FA0EDA1}.Release|Any CPU.Build.0 = Release|Any CPU
		{53B7D267-C2D5-42EB-B406-E3EE410AAC89}.Debug|Any CPU.ActiveCfg = Debug|Any CPU
		{53B7D267-C2D5-42EB-B406-E3EE410AAC89}.Debug|Any CPU.Build.0 = Debug|Any CPU
		{53B7D267-C2D5-42EB-B406-E3EE410AAC89}.Release|Any CPU.ActiveCfg = Release|Any CPU
		{53B7D267-C2D5-42EB-B406-E3EE410AAC89}.Release|Any CPU.Build.0 = Release|Any CPU
		{6463B904-129A-4722-A6F3-609ACFB37ABA}.Debug|Any CPU.ActiveCfg = Debug|Any CPU
		{6463B904-129A-4722-A6F3-609ACFB37ABA}.Debug|Any CPU.Build.0 = Debug|Any CPU
		{6463B904-129A-4722-A6F3-609ACFB37ABA}.Release|Any CPU.ActiveCfg = Release|Any CPU
		{6463B904-129A-4722-A6F3-609ACFB37ABA}.Release|Any CPU.Build.0 = Release|Any CPU
	EndGlobalSection
	GlobalSection(SolutionProperties) = preSolution
		HideSolutionNode = FALSE
	EndGlobalSection
EndGlobal
